// !$*UTF8*$!
{
	archiveVersion = 1;
	classes = {
	};
	objectVersion = 56;
	objects = {

/* Begin PBXBuildFile section */
		10175409FE924DB1A4BF1CF4 /* EisenhowerMatrixView.swift in Sources */ = {isa = PBXBuildFile; fileRef = 3E936A8C0A474EACB4E248F7 /* EisenhowerMatrixView.swift */; };
		16FCDCCD11664DF3AD125888 /* PermissionDeniedView.swift in Sources */ = {isa = PBXBuildFile; fileRef = E96C92AE3F9B488FBCF64FDB /* PermissionDeniedView.swift */; };
		225CD0C382CF45A2AB262318 /* TaskCardView.swift in Sources */ = {isa = PBXBuildFile; fileRef = 7194187DFF08498BBCEE1C08 /* TaskCardView.swift */; };
		267720BE83A74D519DE36F1C /* ReminderTask.swift in Sources */ = {isa = PBXBuildFile; fileRef = 581A8E158A0942BE82936754 /* ReminderTask.swift */; };
		3F030C53078C4467944E9A12 /* KanbanColumnView.swift in Sources */ = {isa = PBXBuildFile; fileRef = A9A4162314A249F2A1937FD9 /* KanbanColumnView.swift */; };
		51F378469F5B48909301F378 /* KanbanBoardViewModel.swift in Sources */ = {isa = PBXBuildFile; fileRef = 2AEC0BA56F754667838B3033 /* KanbanBoardViewModel.swift */; };
		54822B96DB9446909528615D /* ReminderTaskSortingFilteringTests.swift in Sources */ = {isa = PBXBuildFile; fileRef = 6537DE48F0334035A5DFF976 /* ReminderTaskSortingFilteringTests.swift */; };
		845933294FD34693A2518BCC /* KanbanRemindersCoreUITests.swift in Sources */ = {isa = PBXBuildFile; fileRef = 6983EDABD8184BC3AA3974C3 /* KanbanRemindersCoreUITests.swift */; };
		9C0D1A48E0CF453E9967E885 /* KanbanBoardView.swift in Sources */ = {isa = PBXBuildFile; fileRef = 87ECAB5EB2FF43E5AB7233ED /* KanbanBoardView.swift */; };
		ABECF09C6E7540CF818B1BEC /* SettingsHelpView.swift in Sources */ = {isa = PBXBuildFile; fileRef = BC6ED877F50B479FBBEC3EB5 /* SettingsHelpView.swift */; };
		B970A272390546128D7ABCCE /* ReminderTask.swift in Sources */ = {isa = PBXBuildFile; fileRef = 581A8E158A0942BE82936754 /* ReminderTask.swift */; };
		BE296F37379D4CFBA937B8D8 /* ReminderStoreService.swift in Sources */ = {isa = PBXBuildFile; fileRef = 51E6A996538C4401B0AF535F /* ReminderStoreService.swift */; };
		C637735E29234F148AC8B097 /* TaskEditorSheet.swift in Sources */ = {isa = PBXBuildFile; fileRef = 32226FC4C29A44D3A5EBA5E8 /* TaskEditorSheet.swift */; };
		CABE89F20EB941459BDFB29C /* Assets.xcassets in Resources */ = {isa = PBXBuildFile; fileRef = 82B09D32C05C443F9589AC99 /* Assets.xcassets */; };
		CD2F47760BBA43408C9BD2BA /* Kanban_RemindersApp.swift in Sources */ = {isa = PBXBuildFile; fileRef = ADCA42F087104FDA9FFA69C9 /* Kanban_RemindersApp.swift */; };
		E5E4A9D28B954A58AB019D61 /* KanbanColumn.swift in Sources */ = {isa = PBXBuildFile; fileRef = 94A96BF5421D4A4499636340 /* KanbanColumn.swift */; };
/* End PBXBuildFile section */

/* Begin PBXContainerItemProxy section */
		C4F8E664185041EAA9225848 /* PBXContainerItemProxy */ = {
			isa = PBXContainerItemProxy;
			containerPortal = 06B8F09F53924634B0C5B3FE /* Project object */;
			proxyType = 1;
			remoteGlobalIDString = 1B1D00DD8B744C49950D4B37;
			remoteInfo = "Kanban Reminders";
		};
/* End PBXContainerItemProxy section */

/* Begin PBXFileReference section */
		2AEC0BA56F754667838B3033 /* KanbanBoardViewModel.swift */ = {isa = PBXFileReference; lastKnownFileType = sourcecode.swift; path = KanbanBoardViewModel.swift; sourceTree = "<group>"; };
		32226FC4C29A44D3A5EBA5E8 /* TaskEditorSheet.swift */ = {isa = PBXFileReference; lastKnownFileType = sourcecode.swift; path = TaskEditorSheet.swift; sourceTree = "<group>"; };
		3E936A8C0A474EACB4E248F7 /* EisenhowerMatrixView.swift */ = {isa = PBXFileReference; lastKnownFileType = sourcecode.swift; path = EisenhowerMatrixView.swift; sourceTree = "<group>"; };
		51E6A996538C4401B0AF535F /* ReminderStoreService.swift */ = {isa = PBXFileReference; lastKnownFileType = sourcecode.swift; path = ReminderStoreService.swift; sourceTree = "<group>"; };
		5246A8DCCE6B46EE8FEABF03 /* Kanban Reminders.xctestplan */ = {isa = PBXFileReference; lastKnownFileType = text; path = "Kanban Reminders.xctestplan"; sourceTree = "<group>"; };
		581A8E158A0942BE82936754 /* ReminderTask.swift */ = {isa = PBXFileReference; lastKnownFileType = sourcecode.swift; path = ReminderTask.swift; sourceTree = "<group>"; };
		6089586531564548A07C6492 /* Kanban Reminders.app */ = {isa = PBXFileReference; explicitFileType = wrapper.application; includeInIndex = 0; path = "Kanban Reminders.app"; sourceTree = BUILT_PRODUCTS_DIR; };
		6537DE48F0334035A5DFF976 /* ReminderTaskSortingFilteringTests.swift */ = {isa = PBXFileReference; lastKnownFileType = sourcecode.swift; path = ReminderTaskSortingFilteringTests.swift; sourceTree = "<group>"; };
		6983EDABD8184BC3AA3974C3 /* KanbanRemindersCoreUITests.swift */ = {isa = PBXFileReference; lastKnownFileType = sourcecode.swift; path = KanbanRemindersCoreUITests.swift; sourceTree = "<group>"; };
		7194187DFF08498BBCEE1C08 /* TaskCardView.swift */ = {isa = PBXFileReference; lastKnownFileType = sourcecode.swift; path = TaskCardView.swift; sourceTree = "<group>"; };
		82B09D32C05C443F9589AC99 /* Assets.xcassets */ = {isa = PBXFileReference; lastKnownFileType = folder.assetcatalog; path = Assets.xcassets; sourceTree = "<group>"; };
		87ECAB5EB2FF43E5AB7233ED /* KanbanBoardView.swift */ = {isa = PBXFileReference; lastKnownFileType = sourcecode.swift; path = KanbanBoardView.swift; sourceTree = "<group>"; };
		88709DF276F042CDBEF7738B /* Kanban RemindersTests.xctest */ = {isa = PBXFileReference; explicitFileType = wrapper.cfbundle; includeInIndex = 0; path = "Kanban RemindersTests.xctest"; sourceTree = BUILT_PRODUCTS_DIR; };
		94A96BF5421D4A4499636340 /* KanbanColumn.swift */ = {isa = PBXFileReference; lastKnownFileType = sourcecode.swift; path = KanbanColumn.swift; sourceTree = "<group>"; };
		A1B2C3D4E5F6478899AABBCC /* Kanban Reminders.entitlements */ = {isa = PBXFileReference; lastKnownFileType = text.plist.entitlements; path = "Kanban Reminders.entitlements"; sourceTree = "<group>"; };
		A9A4162314A249F2A1937FD9 /* KanbanColumnView.swift */ = {isa = PBXFileReference; lastKnownFileType = sourcecode.swift; path = KanbanColumnView.swift; sourceTree = "<group>"; };
		ADCA42F087104FDA9FFA69C9 /* Kanban_RemindersApp.swift */ = {isa = PBXFileReference; lastKnownFileType = sourcecode.swift; path = Kanban_RemindersApp.swift; sourceTree = "<group>"; };
		BC6ED877F50B479FBBEC3EB5 /* SettingsHelpView.swift */ = {isa = PBXFileReference; lastKnownFileType = sourcecode.swift; path = SettingsHelpView.swift; sourceTree = "<group>"; };
		DFBC513EBB7B40E9ACFD8353 /* Info.plist */ = {isa = PBXFileReference; lastKnownFileType = text.plist.xml; path = Info.plist; sourceTree = "<group>"; };
		E96C92AE3F9B488FBCF64FDB /* PermissionDeniedView.swift */ = {isa = PBXFileReference; lastKnownFileType = sourcecode.swift; path = PermissionDeniedView.swift; sourceTree = "<group>"; };
		FB38C990F85A4983BCA1E0D7 /* Kanban RemindersUITests.xctest */ = {isa = PBXFileReference; explicitFileType = wrapper.cfbundle; includeInIndex = 0; path = "Kanban RemindersUITests.xctest"; sourceTree = BUILT_PRODUCTS_DIR; };
/* End PBXFileReference section */

/* Begin PBXFrameworksBuildPhase section */
		4386D2A904B446798D043AF6 /* Frameworks */ = {
			isa = PBXFrameworksBuildPhase;
			buildActionMask = 2147483647;
			files = (
			);
			runOnlyForDeploymentPostprocessing = 0;
		};
		5AAE7173F7114DB491068456 /* Frameworks */ = {
			isa = PBXFrameworksBuildPhase;
			buildActionMask = 2147483647;
			files = (
			);
			runOnlyForDeploymentPostprocessing = 0;
		};
		97E289EEA12C49279296E52A /* Frameworks */ = {
			isa = PBXFrameworksBuildPhase;
			buildActionMask = 2147483647;
			files = (
			);
			runOnlyForDeploymentPostprocessing = 0;
		};
/* End PBXFrameworksBuildPhase section */

/* Begin PBXGroup section */
		22238FDA395D4783A8A9C57F /* Kanban Reminders */ = {
			isa = PBXGroup;
			children = (
				ADCA42F087104FDA9FFA69C9 /* Kanban_RemindersApp.swift */,
				62B64DBEC6A14B8BB7427CFC /* Models */,
				283200AE538B430C8A0D9102 /* Services */,
				9399860CE2AD4AE6916670CA /* ViewModels */,
				3107C8E11070469C9B1F155C /* Views */,
				DFBC513EBB7B40E9ACFD8353 /* Info.plist */,
				A1B2C3D4E5F6478899AABBCC /* Kanban Reminders.entitlements */,
				82B09D32C05C443F9589AC99 /* Assets.xcassets */,
			);
			path = "Kanban Reminders";
			sourceTree = "<group>";
		};
		283200AE538B430C8A0D9102 /* Services */ = {
			isa = PBXGroup;
			children = (
				51E6A996538C4401B0AF535F /* ReminderStoreService.swift */,
			);
			path = Services;
			sourceTree = "<group>";
		};
		3107C8E11070469C9B1F155C /* Views */ = {
			isa = PBXGroup;
			children = (
				87ECAB5EB2FF43E5AB7233ED /* KanbanBoardView.swift */,
				A9A4162314A249F2A1937FD9 /* KanbanColumnView.swift */,
				7194187DFF08498BBCEE1C08 /* TaskCardView.swift */,
				32226FC4C29A44D3A5EBA5E8 /* TaskEditorSheet.swift */,
				E96C92AE3F9B488FBCF64FDB /* PermissionDeniedView.swift */,
				BC6ED877F50B479FBBEC3EB5 /* SettingsHelpView.swift */,
				3E936A8C0A474EACB4E248F7 /* EisenhowerMatrixView.swift */,
			);
			path = Views;
			sourceTree = "<group>";
		};
		62B64DBEC6A14B8BB7427CFC /* Models */ = {
			isa = PBXGroup;
			children = (
				94A96BF5421D4A4499636340 /* KanbanColumn.swift */,
				581A8E158A0942BE82936754 /* ReminderTask.swift */,
			);
			path = Models;
			sourceTree = "<group>";
		};
		6B3F27D86D284298BE645B2F /* Kanban RemindersUITests */ = {
			isa = PBXGroup;
			children = (
				6983EDABD8184BC3AA3974C3 /* KanbanRemindersCoreUITests.swift */,
			);
			path = "Kanban RemindersUITests";
			sourceTree = "<group>";
		};
		8FAD64FCAD9D4251987C623D /* Kanban RemindersTests */ = {
			isa = PBXGroup;
			children = (
				6537DE48F0334035A5DFF976 /* ReminderTaskSortingFilteringTests.swift */,
			);
			path = "Kanban RemindersTests";
			sourceTree = "<group>";
		};
		93643099A3A343429812F62B = {
			isa = PBXGroup;
			children = (
				22238FDA395D4783A8A9C57F /* Kanban Reminders */,
				8FAD64FCAD9D4251987C623D /* Kanban RemindersTests */,
				6B3F27D86D284298BE645B2F /* Kanban RemindersUITests */,
				5246A8DCCE6B46EE8FEABF03 /* Kanban Reminders.xctestplan */,
				AE799C049AC349868ED2CA44 /* Products */,
			);
			sourceTree = "<group>";
		};
		9399860CE2AD4AE6916670CA /* ViewModels */ = {
			isa = PBXGroup;
			children = (
				2AEC0BA56F754667838B3033 /* KanbanBoardViewModel.swift */,
			);
			path = ViewModels;
			sourceTree = "<group>";
		};
		AE799C049AC349868ED2CA44 /* Products */ = {
			isa = PBXGroup;
			children = (
				6089586531564548A07C6492 /* Kanban Reminders.app */,
				88709DF276F042CDBEF7738B /* Kanban RemindersTests.xctest */,
				FB38C990F85A4983BCA1E0D7 /* Kanban RemindersUITests.xctest */,
			);
			name = Products;
			sourceTree = "<group>";
		};
/* End PBXGroup section */

/* Begin PBXNativeTarget section */
		1B1D00DD8B744C49950D4B37 /* Kanban Reminders */ = {
			isa = PBXNativeTarget;
			buildConfigurationList = 53322619CA89433894277617 /* Build configuration list for PBXNativeTarget "Kanban Reminders" */;
			buildPhases = (
				C745403F19E04EC9A11B7E03 /* Sources */,
				4386D2A904B446798D043AF6 /* Frameworks */,
				6B8C70B19AF44566BF2D859C /* Resources */,
			);
			buildRules = (
			);
			dependencies = (
			);
			name = "Kanban Reminders";
			productName = "Kanban Reminders";
			productReference = 6089586531564548A07C6492 /* Kanban Reminders.app */;
			productType = "com.apple.product-type.application";
		};
		5E2E5C74E9C641A4885E94B8 /* Kanban RemindersUITests */ = {
			isa = PBXNativeTarget;
			buildConfigurationList = 194CCF78845A4C048B868EB6 /* Build configuration list for PBXNativeTarget "Kanban RemindersUITests" */;
			buildPhases = (
				DB77672588EC4DEB9F53875B /* Sources */,
				5AAE7173F7114DB491068456 /* Frameworks */,
				DCAEC63CC66C42798C077848 /* Resources */,
			);
			buildRules = (
			);
			dependencies = (
				8A47F723AA604FEEA882C0E5 /* PBXTargetDependency */,
			);
			name = "Kanban RemindersUITests";
			productName = "Kanban RemindersUITests";
			productReference = FB38C990F85A4983BCA1E0D7 /* Kanban RemindersUITests.xctest */;
			productType = "com.apple.product-type.bundle.ui-testing";
		};
		B0E784AB7E774A5894EBC153 /* Kanban RemindersTests */ = {
			isa = PBXNativeTarget;
			buildConfigurationList = 4195C2DBA37244C09057EEA7 /* Build configuration list for PBXNativeTarget "Kanban RemindersTests" */;
			buildPhases = (
				8273C5EFD32B4B77ACA6518A /* Sources */,
				97E289EEA12C49279296E52A /* Frameworks */,
			);
			buildRules = (
			);
			dependencies = (
			);
			name = "Kanban RemindersTests";
			productName = "Kanban RemindersTests";
			productReference = 88709DF276F042CDBEF7738B /* Kanban RemindersTests.xctest */;
			productType = "com.apple.product-type.bundle.unit-test";
		};
/* End PBXNativeTarget section */

/* Begin PBXProject section */
		06B8F09F53924634B0C5B3FE /* Project object */ = {
			isa = PBXProject;
			attributes = {
				BuildIndependentTargetsInParallel = 1;
				LastSwiftUpdateCheck = 1540;
				LastUpgradeCheck = 2610;
				TargetAttributes = {
					1B1D00DD8B744C49950D4B37 = {
						CreatedOnToolsVersion = 15.4;
					};
					B0E784AB7E774A5894EBC153 = {
						CreatedOnToolsVersion = 15.4;
					};
				};
			};
			buildConfigurationList = 773543B8226E4DE79ABCE2F9 /* Build configuration list for PBXProject "Kanban Reminders" */;
			compatibilityVersion = "Xcode 14.0";
			developmentRegion = en;
			hasScannedForEncodings = 0;
			knownRegions = (
				en,
				Base,
			);
			mainGroup = 93643099A3A343429812F62B;
			productRefGroup = AE799C049AC349868ED2CA44 /* Products */;
			projectDirPath = "";
			projectRoot = "";
			targets = (
				1B1D00DD8B744C49950D4B37 /* Kanban Reminders */,
				B0E784AB7E774A5894EBC153 /* Kanban RemindersTests */,
				5E2E5C74E9C641A4885E94B8 /* Kanban RemindersUITests */,
			);
		};
/* End PBXProject section */

/* Begin PBXResourcesBuildPhase section */
		6B8C70B19AF44566BF2D859C /* Resources */ = {
			isa = PBXResourcesBuildPhase;
			buildActionMask = 2147483647;
			files = (
				CABE89F20EB941459BDFB29C /* Assets.xcassets in Resources */,
			);
			runOnlyForDeploymentPostprocessing = 0;
		};
		DCAEC63CC66C42798C077848 /* Resources */ = {
			isa = PBXResourcesBuildPhase;
			buildActionMask = 2147483647;
			files = (
			);
			runOnlyForDeploymentPostprocessing = 0;
		};
/* End PBXResourcesBuildPhase section */

/* Begin PBXSourcesBuildPhase section */
		8273C5EFD32B4B77ACA6518A /* Sources */ = {
			isa = PBXSourcesBuildPhase;
			buildActionMask = 2147483647;
			files = (
				267720BE83A74D519DE36F1C /* ReminderTask.swift in Sources */,
				54822B96DB9446909528615D /* ReminderTaskSortingFilteringTests.swift in Sources */,
			);
			runOnlyForDeploymentPostprocessing = 0;
		};
		C745403F19E04EC9A11B7E03 /* Sources */ = {
			isa = PBXSourcesBuildPhase;
			buildActionMask = 2147483647;
			files = (
				CD2F47760BBA43408C9BD2BA /* Kanban_RemindersApp.swift in Sources */,
				E5E4A9D28B954A58AB019D61 /* KanbanColumn.swift in Sources */,
				B970A272390546128D7ABCCE /* ReminderTask.swift in Sources */,
				BE296F37379D4CFBA937B8D8 /* ReminderStoreService.swift in Sources */,
				51F378469F5B48909301F378 /* KanbanBoardViewModel.swift in Sources */,
				9C0D1A48E0CF453E9967E885 /* KanbanBoardView.swift in Sources */,
				3F030C53078C4467944E9A12 /* KanbanColumnView.swift in Sources */,
				225CD0C382CF45A2AB262318 /* TaskCardView.swift in Sources */,
				C637735E29234F148AC8B097 /* TaskEditorSheet.swift in Sources */,
				16FCDCCD11664DF3AD125888 /* PermissionDeniedView.swift in Sources */,
				ABECF09C6E7540CF818B1BEC /* SettingsHelpView.swift in Sources */,
				10175409FE924DB1A4BF1CF4 /* EisenhowerMatrixView.swift in Sources */,
			);
			runOnlyForDeploymentPostprocessing = 0;
		};
		DB77672588EC4DEB9F53875B /* Sources */ = {
			isa = PBXSourcesBuildPhase;
			buildActionMask = 2147483647;
			files = (
				845933294FD34693A2518BCC /* KanbanRemindersCoreUITests.swift in Sources */,
			);
			runOnlyForDeploymentPostprocessing = 0;
		};
/* End PBXSourcesBuildPhase section */

/* Begin PBXTargetDependency section */
		8A47F723AA604FEEA882C0E5 /* PBXTargetDependency */ = {
			isa = PBXTargetDependency;
			target = 1B1D00DD8B744C49950D4B37 /* Kanban Reminders */;
			targetProxy = C4F8E664185041EAA9225848 /* PBXContainerItemProxy */;
		};
/* End PBXTargetDependency section */

/* Begin XCBuildConfiguration section */
		2BC5A5CC42CF4BEF96D89D2C /* Debug */ = {
			isa = XCBuildConfiguration;
			buildSettings = {
				ASSETCATALOG_COMPILER_APPICON_NAME = AppIcon;
				CODE_SIGN_ENTITLEMENTS = "";
				"CODE_SIGN_ENTITLEMENTS[sdk=macosx*]" = "Kanban Reminders/Kanban Reminders.entitlements";
				"CODE_SIGN_IDENTITY[sdk=macosx*]" = "-";
				CODE_SIGN_STYLE = Automatic;
				CURRENT_PROJECT_VERSION = 1;
				GENERATE_INFOPLIST_FILE = NO;
				INFOPLIST_FILE = "Kanban Reminders/Info.plist";
				INFOPLIST_KEY_LSApplicationCategoryType = "public.app-category.productivity";
				IPHONEOS_DEPLOYMENT_TARGET = 17.0;
				MACOSX_DEPLOYMENT_TARGET = 14.0;
				MARKETING_VERSION = 1.1;
				PRODUCT_BUNDLE_IDENTIFIER = com.example.KanbanReminders;
				PRODUCT_NAME = "$(TARGET_NAME)";
				SUPPORTED_PLATFORMS = "iphoneos iphonesimulator macosx";
				SUPPORTS_MACCATALYST = NO;
				SUPPORTS_MAC_DESIGNED_FOR_IPHONE_IPAD = NO;
				SWIFT_EMIT_LOC_STRINGS = YES;
				SWIFT_VERSION = 5.0;
				TARGETED_DEVICE_FAMILY = "1,2";
			};
			name = Debug;
		};
		34440291D2EC4DFB89D72E65 /* Release */ = {
			isa = XCBuildConfiguration;
			buildSettings = {
				ALWAYS_EMBED_SWIFT_STANDARD_LIBRARIES = YES;
				CODE_SIGN_STYLE = Automatic;
				CURRENT_PROJECT_VERSION = 1;
				GENERATE_INFOPLIST_FILE = YES;
				IPHONEOS_DEPLOYMENT_TARGET = 17.0;
				MACOSX_DEPLOYMENT_TARGET = 14.0;
				MARKETING_VERSION = 1.0;
				PRODUCT_BUNDLE_IDENTIFIER = com.example.KanbanRemindersTests;
				PRODUCT_NAME = "$(TARGET_NAME)";
				SUPPORTED_PLATFORMS = "iphoneos iphonesimulator macosx";
				SWIFT_VERSION = 5.0;
				TARGETED_DEVICE_FAMILY = "1,2";
			};
			name = Release;
		};
		37BD5D5D604940188D4D085A /* Debug */ = {
			isa = XCBuildConfiguration;
			buildSettings = {
				ALWAYS_EMBED_SWIFT_STANDARD_LIBRARIES = YES;
				CODE_SIGN_STYLE = Automatic;
				CURRENT_PROJECT_VERSION = 1;
				GENERATE_INFOPLIST_FILE = YES;
				IPHONEOS_DEPLOYMENT_TARGET = 17.0;
				MACOSX_DEPLOYMENT_TARGET = 14.0;
				MARKETING_VERSION = 1.0;
				PRODUCT_BUNDLE_IDENTIFIER = com.example.KanbanRemindersTests;
				PRODUCT_NAME = "$(TARGET_NAME)";
				SUPPORTED_PLATFORMS = "iphoneos iphonesimulator macosx";
				SWIFT_VERSION = 5.0;
				TARGETED_DEVICE_FAMILY = "1,2";
			};
			name = Debug;
		};
		8CA80EF9346C4B5D85FAB202 /* Debug */ = {
			isa = XCBuildConfiguration;
			buildSettings = {
				ALWAYS_EMBED_SWIFT_STANDARD_LIBRARIES = YES;
				CODE_SIGN_STYLE = Automatic;
				CURRENT_PROJECT_VERSION = 1;
				GENERATE_INFOPLIST_FILE = YES;
				IPHONEOS_DEPLOYMENT_TARGET = 17.0;
				MACOSX_DEPLOYMENT_TARGET = 14.0;
				MARKETING_VERSION = 1.0;
				PRODUCT_BUNDLE_IDENTIFIER = com.example.KanbanRemindersUITests;
				PRODUCT_NAME = "$(TARGET_NAME)";
				SUPPORTED_PLATFORMS = "iphoneos iphonesimulator macosx";
				SWIFT_VERSION = 5.0;
				TARGETED_DEVICE_FAMILY = "1,2";
				TEST_TARGET_NAME = "Kanban Reminders";
			};
			name = Debug;
		};
		BBEAAAD4ED034ADDA1ECF443 /* Debug */ = {
			isa = XCBuildConfiguration;
			buildSettings = {
				ALWAYS_SEARCH_USER_PATHS = NO;
				CLANG_ANALYZER_NONNULL = YES;
				CLANG_ANALYZER_NUMBER_OBJECT_CONVERSION = YES_AGGRESSIVE;
				CLANG_CXX_LANGUAGE_STANDARD = "gnu++20";
				CLANG_ENABLE_MODULES = YES;
				CLANG_ENABLE_OBJC_ARC = YES;
				CLANG_ENABLE_OBJC_WEAK = YES;
				CLANG_WARN_BLOCK_CAPTURE_AUTORELEASING = YES;
				CLANG_WARN_BOOL_CONVERSION = YES;
				CLANG_WARN_COMMA = YES;
				CLANG_WARN_CONSTANT_CONVERSION = YES;
				CLANG_WARN_DEPRECATED_OBJC_IMPLEMENTATIONS = YES;
				CLANG_WARN_DIRECT_OBJC_ISA_USAGE = YES_ERROR;
				CLANG_WARN_DOCUMENTATION_COMMENTS = YES;
				CLANG_WARN_EMPTY_BODY = YES;
				CLANG_WARN_ENUM_CONVERSION = YES;
				CLANG_WARN_INFINITE_RECURSION = YES;
				CLANG_WARN_INT_CONVERSION = YES;
				CLANG_WARN_NON_LITERAL_NULL_CONVERSION = YES;
				CLANG_WARN_OBJC_IMPLICIT_RETAIN_SELF = YES;
				CLANG_WARN_OBJC_LITERAL_CONVERSION = YES;
				CLANG_WARN_OBJC_ROOT_CLASS = YES_ERROR;
				CLANG_WARN_QUOTED_INCLUDE_IN_FRAMEWORK_HEADER = YES;
				CLANG_WARN_RANGE_LOOP_ANALYSIS = YES;
				CLANG_WARN_STRICT_PROTOTYPES = YES;
				CLANG_WARN_SUSPICIOUS_MOVE = YES;
				CLANG_WARN_UNGUARDED_AVAILABILITY = YES_AGGRESSIVE;
				CLANG_WARN_UNREACHABLE_CODE = YES;
				CLANG_WARN__DUPLICATE_METHOD_MATCH = YES;
				COPY_PHASE_STRIP = NO;
				DEBUG_INFORMATION_FORMAT = dwarf;
				ENABLE_STRICT_OBJC_MSGSEND = YES;
				ENABLE_TESTABILITY = YES;
				ENABLE_USER_SCRIPT_SANDBOXING = YES;
				GCC_C_LANGUAGE_STANDARD = gnu17;
				GCC_DYNAMIC_NO_PIC = NO;
				GCC_NO_COMMON_BLOCKS = YES;
				GCC_OPTIMIZATION_LEVEL = 0;
				GCC_PREPROCESSOR_DEFINITIONS = (
					"DEBUG=1",
					"$(inherited)",
				);
				GCC_WARN_64_TO_32_BIT_CONVERSION = YES;
				GCC_WARN_ABOUT_RETURN_TYPE = YES_ERROR;
				GCC_WARN_UNDECLARED_SELECTOR = YES;
				GCC_WARN_UNINITIALIZED_AUTOS = YES_AGGRESSIVE;
				GCC_WARN_UNUSED_FUNCTION = YES;
				GCC_WARN_UNUSED_VARIABLE = YES;
				IPHONEOS_DEPLOYMENT_TARGET = 17.0;
				ONLY_ACTIVE_ARCH = YES;
				SDKROOT = iphoneos;
				STRING_CATALOG_GENERATE_SYMBOLS = YES;
				SWIFT_ACTIVE_COMPILATION_CONDITIONS = DEBUG;
				SWIFT_OPTIMIZATION_LEVEL = "-Onone";
			};
			name = Debug;
		};
		BF8D763E1ACB4A5B8895CA1A /* Release */ = {
			isa = XCBuildConfiguration;
			buildSettings = {
				ALWAYS_EMBED_SWIFT_STANDARD_LIBRARIES = YES;
				CODE_SIGN_STYLE = Automatic;
				CURRENT_PROJECT_VERSION = 1;
				GENERATE_INFOPLIST_FILE = YES;
				IPHONEOS_DEPLOYMENT_TARGET = 17.0;
				MACOSX_DEPLOYMENT_TARGET = 14.0;
				MARKETING_VERSION = 1.0;
				PRODUCT_BUNDLE_IDENTIFIER = com.example.KanbanRemindersUITests;
				PRODUCT_NAME = "$(TARGET_NAME)";
				SUPPORTED_PLATFORMS = "iphoneos iphonesimulator macosx";
				SWIFT_VERSION = 5.0;
				TARGETED_DEVICE_FAMILY = "1,2";
				TEST_TARGET_NAME = "Kanban Reminders";
			};
			name = Release;
		};
		C0742DC0BA4F4E2DB1A75CF9 /* Release */ = {
			isa = XCBuildConfiguration;
			buildSettings = {
				ALWAYS_SEARCH_USER_PATHS = NO;
				CLANG_ANALYZER_NONNULL = YES;
				CLANG_ANALYZER_NUMBER_OBJECT_CONVERSION = YES_AGGRESSIVE;
				CLANG_CXX_LANGUAGE_STANDARD = "gnu++20";
				CLANG_ENABLE_MODULES = YES;
				CLANG_ENABLE_OBJC_ARC = YES;
				CLANG_ENABLE_OBJC_WEAK = YES;
				CLANG_WARN_BLOCK_CAPTURE_AUTORELEASING = YES;
				CLANG_WARN_BOOL_CONVERSION = YES;
				CLANG_WARN_COMMA = YES;
				CLANG_WARN_CONSTANT_CONVERSION = YES;
				CLANG_WARN_DEPRECATED_OBJC_IMPLEMENTATIONS = YES;
				CLANG_WARN_DIRECT_OBJC_ISA_USAGE = YES_ERROR;
				CLANG_WARN_DOCUMENTATION_COMMENTS = YES;
				CLANG_WARN_EMPTY_BODY = YES;
				CLANG_WARN_ENUM_CONVERSION = YES;
				CLANG_WARN_INFINITE_RECURSION = YES;
				CLANG_WARN_INT_CONVERSION = YES;
				CLANG_WARN_NON_LITERAL_NULL_CONVERSION = YES;
				CLANG_WARN_OBJC_IMPLICIT_RETAIN_SELF = YES;
				CLANG_WARN_OBJC_LITERAL_CONVERSION = YES;
				CLANG_WARN_OBJC_ROOT_CLASS = YES_ERROR;
				CLANG_WARN_QUOTED_INCLUDE_IN_FRAMEWORK_HEADER = YES;
				CLANG_WARN_RANGE_LOOP_ANALYSIS = YES;
				CLANG_WARN_STRICT_PROTOTYPES = YES;
				CLANG_WARN_SUSPICIOUS_MOVE = YES;
				CLANG_WARN_UNGUARDED_AVAILABILITY = YES_AGGRESSIVE;
				CLANG_WARN_UNREACHABLE_CODE = YES;
				CLANG_WARN__DUPLICATE_METHOD_MATCH = YES;
				COPY_PHASE_STRIP = NO;
				DEBUG_INFORMATION_FORMAT = "dwarf-with-dsym";
				ENABLE_NS_ASSERTIONS = NO;
				ENABLE_STRICT_OBJC_MSGSEND = YES;
				ENABLE_USER_SCRIPT_SANDBOXING = YES;
				GCC_C_LANGUAGE_STANDARD = gnu17;
				GCC_NO_COMMON_BLOCKS = YES;
				GCC_WARN_64_TO_32_BIT_CONVERSION = YES;
				GCC_WARN_ABOUT_RETURN_TYPE = YES_ERROR;
				GCC_WARN_UNDECLARED_SELECTOR = YES;
				GCC_WARN_UNINITIALIZED_AUTOS = YES_AGGRESSIVE;
				GCC_WARN_UNUSED_FUNCTION = YES;
				GCC_WARN_UNUSED_VARIABLE = YES;
				IPHONEOS_DEPLOYMENT_TARGET = 17.0;
				SDKROOT = iphoneos;
				STRING_CATALOG_GENERATE_SYMBOLS = YES;
				SWIFT_COMPILATION_MODE = wholemodule;
				VALIDATE_PRODUCT = YES;
			};
			name = Release;
		};
		F6C7A072BE7C46448CD24692 /* Release */ = {
			isa = XCBuildConfiguration;
			buildSettings = {
				ASSETCATALOG_COMPILER_APPICON_NAME = AppIcon;
				CODE_SIGN_ENTITLEMENTS = "";
				"CODE_SIGN_ENTITLEMENTS[sdk=macosx*]" = "Kanban Reminders/Kanban Reminders.entitlements";
				"CODE_SIGN_IDENTITY[sdk=macosx*]" = "-";
				CODE_SIGN_STYLE = Automatic;
				CURRENT_PROJECT_VERSION = 1;
				GENERATE_INFOPLIST_FILE = NO;
				INFOPLIST_FILE = "Kanban Reminders/Info.plist";
				INFOPLIST_KEY_LSApplicationCategoryType = "public.app-category.productivity";
				IPHONEOS_DEPLOYMENT_TARGET = 17.0;
				MACOSX_DEPLOYMENT_TARGET = 14.0;
				MARKETING_VERSION = 1.1;
				PRODUCT_BUNDLE_IDENTIFIER = com.example.KanbanReminders;
				PRODUCT_NAME = "$(TARGET_NAME)";
				SUPPORTED_PLATFORMS = "iphoneos iphonesimulator macosx";
				SUPPORTS_MACCATALYST = NO;
				SUPPORTS_MAC_DESIGNED_FOR_IPHONE_IPAD = NO;
				SWIFT_EMIT_LOC_STRINGS = YES;
				SWIFT_VERSION = 5.0;
				TARGETED_DEVICE_FAMILY = "1,2";
			};
			name = Release;
		};
/* End XCBuildConfiguration section */

/* Begin XCConfigurationList section */
		194CCF78845A4C048B868EB6 /* Build configuration list for PBXNativeTarget "Kanban RemindersUITests" */ = {
			isa = XCConfigurationList;
			buildConfigurations = (
				8CA80EF9346C4B5D85FAB202 /* Debug */,
				BF8D763E1ACB4A5B8895CA1A /* Release */,
			);
			defaultConfigurationIsVisible = 0;
			defaultConfigurationName = Release;
		};
		4195C2DBA37244C09057EEA7 /* Build configuration list for PBXNativeTarget "Kanban RemindersTests" */ = {
			isa = XCConfigurationList;
			buildConfigurations = (
				37BD5D5D604940188D4D085A /* Debug */,
				34440291D2EC4DFB89D72E65 /* Release */,
			);
			defaultConfigurationIsVisible = 0;
			defaultConfigurationName = Release;
		};
		53322619CA89433894277617 /* Build configuration list for PBXNativeTarget "Kanban Reminders" */ = {
			isa = XCConfigurationList;
			buildConfigurations = (
				2BC5A5CC42CF4BEF96D89D2C /* Debug */,
				F6C7A072BE7C46448CD24692 /* Release */,
			);
			defaultConfigurationIsVisible = 0;
			defaultConfigurationName = Release;
		};
		773543B8226E4DE79ABCE2F9 /* Build configuration list for PBXProject "Kanban Reminders" */ = {
			isa = XCConfigurationList;
			buildConfigurations = (
				BBEAAAD4ED034ADDA1ECF443 /* Debug */,
				C0742DC0BA4F4E2DB1A75CF9 /* Release */,
			);
			defaultConfigurationIsVisible = 0;
			defaultConfigurationName = Release;
		};
/* End XCConfigurationList section */
	};
	rootObject = 06B8F09F53924634B0C5B3FE /* Project object */;
}
